
Microsoft Visual Studio Solution File, Format Version 12.00
# Visual Studio Version 16
VisualStudioVersion = 16.0.31019.35
MinimumVisualStudioVersion = 10.0.40219.1
Project("{FAE04EC0-301F-11D3-BF4B-00C04F79EFBC}") = "GamerProject", "GamerProject\GamerProject.csproj", "{91A01CBB-9154-4722-BDFB-8FA7336F968D}"
EndProject
Global
	GlobalSection(SolutionConfigurationPlatforms) = preSolution
		Debug|Any CPU = Debug|Any CPU
		Release|Any CPU = Release|Any CPU
	EndGlobalSection
	GlobalSection(ProjectConfigurationPlatforms) = postSolution
		{91A01CBB-9154-4722-BDFB-8FA7336F968D}.Debug|Any CPU.ActiveCfg = Debug|Any CPU
		{91A01CBB-9154-4722-BDFB-8FA7336F968D}.Debug|Any CPU.Build.0 = Debug|Any CPU
		{91A01CBB-9154-4722-BDFB-8FA7336F968D}.Release|Any CPU.ActiveCfg = Release|Any CPU
		{91A01CBB-9154-4722-BDFB-8FA7336F968D}.Release|Any CPU.Build.0 = Release|Any CPU
	EndGlobalSection
	GlobalSection(SolutionProperties) = preSolution
		HideSolutionNode = FALSE
	EndGlobalSection
	GlobalSection(ExtensibilityGlobals) = postSolution
		SolutionGuid = {FDF20287-CF5E-4EAD-887B-9BF8C427335D}
	EndGlobalSection
EndGlobal
